// !$*UTF8*$!
{
	archiveVersion = 1;
	classes = {
	};
	objectVersion = 50;
	objects = {

/* Begin PBXBuildFile section */
		BFA1E7BC235A34BE00FF957E /* CharacterList.swift in Sources */ = {isa = PBXBuildFile; fileRef = BFA1E7BB235A34BE00FF957E /* CharacterList.swift */; };
		BFA1E7BE235A3BB900FF957E /* ContentView.swift in Sources */ = {isa = PBXBuildFile; fileRef = BFA1E7BD235A3BB900FF957E /* ContentView.swift */; };
		BFB57D762359B3D800D2613E /* Actor.swift in Sources */ = {isa = PBXBuildFile; fileRef = BFB57D752359B3D800D2613E /* Actor.swift */; };
		BFB66C90235855F60036FE16 /* Character.swift in Sources */ = {isa = PBXBuildFile; fileRef = BFB66C8F235855F60036FE16 /* Character.swift */; };
		BFB66C922359A2560036FE16 /* ActorDetail.swift in Sources */ = {isa = PBXBuildFile; fileRef = BFB66C912359A2560036FE16 /* ActorDetail.swift */; };
		BFD37E4F2357147B00D27A52 /* AppDelegate.swift in Sources */ = {isa = PBXBuildFile; fileRef = BFD37E4E2357147B00D27A52 /* AppDelegate.swift */; };
		BFD37E512357147B00D27A52 /* SceneDelegate.swift in Sources */ = {isa = PBXBuildFile; fileRef = BFD37E502357147B00D27A52 /* SceneDelegate.swift */; };
		BFD37E552357147C00D27A52 /* Assets.xcassets in Resources */ = {isa = PBXBuildFile; fileRef = BFD37E542357147C00D27A52 /* Assets.xcassets */; };
		BFD37E582357147C00D27A52 /* Preview Assets.xcassets in Resources */ = {isa = PBXBuildFile; fileRef = BFD37E572357147C00D27A52 /* Preview Assets.xcassets */; };
		BFD37E5B2357147C00D27A52 /* LaunchScreen.storyboard in Resources */ = {isa = PBXBuildFile; fileRef = BFD37E592357147C00D27A52 /* LaunchScreen.storyboard */; };
		BFD37E64235714FE00D27A52 /* Data.swift in Sources */ = {isa = PBXBuildFile; fileRef = BFD37E63235714FE00D27A52 /* Data.swift */; };
		BFD37E662357154500D27A52 /* Movie.swift in Sources */ = {isa = PBXBuildFile; fileRef = BFD37E652357154500D27A52 /* Movie.swift */; };
		BFD37E6823571FF000D27A52 /* MovieDetail.swift in Sources */ = {isa = PBXBuildFile; fileRef = BFD37E6723571FF000D27A52 /* MovieDetail.swift */; };
		BFD37E6A2357218A00D27A52 /* MovieRow.swift in Sources */ = {isa = PBXBuildFile; fileRef = BFD37E692357218A00D27A52 /* MovieRow.swift */; };
		BFE840E2235789700072132E /* MovieList.swift in Sources */ = {isa = PBXBuildFile; fileRef = BFE840E12357896F0072132E /* MovieList.swift */; };
		BFE840EA235795D20072132E /* AppView.swift in Sources */ = {isa = PBXBuildFile; fileRef = BFE840E9235795D20072132E /* AppView.swift */; };
/* End PBXBuildFile section */

/* Begin PBXFileReference section */
		BFA1E7BB235A34BE00FF957E /* CharacterList.swift */ = {isa = PBXFileReference; lastKnownFileType = sourcecode.swift; path = CharacterList.swift; sourceTree = "<group>"; };
		BFA1E7BD235A3BB900FF957E /* ContentView.swift */ = {isa = PBXFileReference; lastKnownFileType = sourcecode.swift; path = ContentView.swift; sourceTree = "<group>"; };
		BFB57D752359B3D800D2613E /* Actor.swift */ = {isa = PBXFileReference; lastKnownFileType = sourcecode.swift; path = Actor.swift; sourceTree = "<group>"; };
		BFB66C8F235855F60036FE16 /* Character.swift */ = {isa = PBXFileReference; lastKnownFileType = sourcecode.swift; path = Character.swift; sourceTree = "<group>"; };
		BFB66C912359A2560036FE16 /* ActorDetail.swift */ = {isa = PBXFileReference; lastKnownFileType = sourcecode.swift; path = ActorDetail.swift; sourceTree = "<group>"; };
		BFD37E4B2357147B00D27A52 /* Marvel & Dc.app */ = {isa = PBXFileReference; explicitFileType = wrapper.application; includeInIndex = 0; path = "Marvel & Dc.app"; sourceTree = BUILT_PRODUCTS_DIR; };
		BFD37E4E2357147B00D27A52 /* AppDelegate.swift */ = {isa = PBXFileReference; lastKnownFileType = sourcecode.swift; path = AppDelegate.swift; sourceTree = "<group>"; };
		BFD37E502357147B00D27A52 /* SceneDelegate.swift */ = {isa = PBXFileReference; lastKnownFileType = sourcecode.swift; path = SceneDelegate.swift; sourceTree = "<group>"; };
		BFD37E542357147C00D27A52 /* Assets.xcassets */ = {isa = PBXFileReference; lastKnownFileType = folder.assetcatalog; path = Assets.xcassets; sourceTree = "<group>"; };
		BFD37E572357147C00D27A52 /* Preview Assets.xcassets */ = {isa = PBXFileReference; lastKnownFileType = folder.assetcatalog; path = "Preview Assets.xcassets"; sourceTree = "<group>"; };
		BFD37E5A2357147C00D27A52 /* Base */ = {isa = PBXFileReference; lastKnownFileType = file.storyboard; name = Base; path = Base.lproj/LaunchScreen.storyboard; sourceTree = "<group>"; };
		BFD37E5C2357147C00D27A52 /* Info.plist */ = {isa = PBXFileReference; lastKnownFileType = text.plist.xml; path = Info.plist; sourceTree = "<group>"; };
		BFD37E622357149A00D27A52 /* Ebook.entitlements */ = {isa = PBXFileReference; lastKnownFileType = text.plist.entitlements; path = Ebook.entitlements; sourceTree = "<group>"; };
		BFD37E63235714FE00D27A52 /* Data.swift */ = {isa = PBXFileReference; lastKnownFileType = sourcecode.swift; path = Data.swift; sourceTree = "<group>"; };
		BFD37E652357154500D27A52 /* Movie.swift */ = {isa = PBXFileReference; lastKnownFileType = sourcecode.swift; path = Movie.swift; sourceTree = "<group>"; };
		BFD37E6723571FF000D27A52 /* MovieDetail.swift */ = {isa = PBXFileReference; lastKnownFileType = sourcecode.swift; path = MovieDetail.swift; sourceTree = "<group>"; };
		BFD37E692357218A00D27A52 /* MovieRow.swift */ = {isa = PBXFileReference; lastKnownFileType = sourcecode.swift; path = MovieRow.swift; sourceTree = "<group>"; };
		BFE840E12357896F0072132E /* MovieList.swift */ = {isa = PBXFileReference; lastKnownFileType = sourcecode.swift; path = MovieList.swift; sourceTree = "<group>"; };
		BFE840E9235795D20072132E /* AppView.swift */ = {isa = PBXFileReference; lastKnownFileType = sourcecode.swift; path = AppView.swift; sourceTree = "<group>"; };
/* End PBXFileReference section */

/* Begin PBXFrameworksBuildPhase section */
		BFD37E482357147B00D27A52 /* Frameworks */ = {
			isa = PBXFrameworksBuildPhase;
			buildActionMask = 2147483647;
			files = (
			);
			runOnlyForDeploymentPostprocessing = 0;
		};
/* End PBXFrameworksBuildPhase section */

/* Begin PBXGroup section */
		BFD37E422357147B00D27A52 = {
			isa = PBXGroup;
			children = (
				BFD37E4D2357147B00D27A52 /* Ebook */,
				BFD37E4C2357147B00D27A52 /* Products */,
			);
			sourceTree = "<group>";
		};
		BFD37E4C2357147B00D27A52 /* Products */ = {
			isa = PBXGroup;
			children = (
				BFD37E4B2357147B00D27A52 /* Marvel & Dc.app */,
			);
			name = Products;
			sourceTree = "<group>";
		};
		BFD37E4D2357147B00D27A52 /* Ebook */ = {
			isa = PBXGroup;
			children = (
				BFD37E622357149A00D27A52 /* Ebook.entitlements */,
				BFD37E4E2357147B00D27A52 /* AppDelegate.swift */,
				BFD37E502357147B00D27A52 /* SceneDelegate.swift */,
				BFA1E7BD235A3BB900FF957E /* ContentView.swift */,
				BFE840E9235795D20072132E /* AppView.swift */,
				BFA1E7BB235A34BE00FF957E /* CharacterList.swift */,
				BFB66C912359A2560036FE16 /* ActorDetail.swift */,
				BFE840E12357896F0072132E /* MovieList.swift */,
				BFD37E692357218A00D27A52 /* MovieRow.swift */,
				BFD37E6723571FF000D27A52 /* MovieDetail.swift */,
				BFD37E63235714FE00D27A52 /* Data.swift */,
				BFB57D752359B3D800D2613E /* Actor.swift */,
				BFB66C8F235855F60036FE16 /* Character.swift */,
				BFD37E652357154500D27A52 /* Movie.swift */,
				BFD37E542357147C00D27A52 /* Assets.xcassets */,
				BFD37E592357147C00D27A52 /* LaunchScreen.storyboard */,
				BFD37E5C2357147C00D27A52 /* Info.plist */,
				BFD37E562357147C00D27A52 /* Preview Content */,
			);
			path = Ebook;
			sourceTree = "<group>";
		};
		BFD37E562357147C00D27A52 /* Preview Content */ = {
			isa = PBXGroup;
			children = (
				BFD37E572357147C00D27A52 /* Preview Assets.xcassets */,
			);
			path = "Preview Content";
			sourceTree = "<group>";
		};
/* End PBXGroup section */

/* Begin PBXNativeTarget section */
		BFD37E4A2357147B00D27A52 /* Ebook */ = {
			isa = PBXNativeTarget;
			buildConfigurationList = BFD37E5F2357147C00D27A52 /* Build configuration list for PBXNativeTarget "Ebook" */;
			buildPhases = (
				BFD37E472357147B00D27A52 /* Sources */,
				BFD37E482357147B00D27A52 /* Frameworks */,
				BFD37E492357147B00D27A52 /* Resources */,
			);
			buildRules = (
			);
			dependencies = (
			);
			name = Ebook;
			productName = Ebook;
			productReference = BFD37E4B2357147B00D27A52 /* Marvel & Dc.app */;
			productType = "com.apple.product-type.application";
		};
/* End PBXNativeTarget section */

/* Begin PBXProject section */
		BFD37E432357147B00D27A52 /* Project object */ = {
			isa = PBXProject;
			attributes = {
				LastSwiftUpdateCheck = 1110;
				LastUpgradeCheck = 1110;
				ORGANIZATIONNAME = Kumo;
				TargetAttributes = {
					BFD37E4A2357147B00D27A52 = {
						CreatedOnToolsVersion = 11.1;
					};
				};
			};
			buildConfigurationList = BFD37E462357147B00D27A52 /* Build configuration list for PBXProject "Ebook" */;
			compatibilityVersion = "Xcode 9.3";
			developmentRegion = en;
			hasScannedForEncodings = 0;
			knownRegions = (
				en,
				Base,
			);
			mainGroup = BFD37E422357147B00D27A52;
			productRefGroup = BFD37E4C2357147B00D27A52 /* Products */;
			projectDirPath = "";
			projectRoot = "";
			targets = (
				BFD37E4A2357147B00D27A52 /* Ebook */,
			);
		};
/* End PBXProject section */

/* Begin PBXResourcesBuildPhase section */
		BFD37E492357147B00D27A52 /* Resources */ = {
			isa = PBXResourcesBuildPhase;
			buildActionMask = 2147483647;
			files = (
				BFD37E5B2357147C00D27A52 /* LaunchScreen.storyboard in Resources */,
				BFD37E582357147C00D27A52 /* Preview Assets.xcassets in Resources */,
				BFD37E552357147C00D27A52 /* Assets.xcassets in Resources */,
			);
			runOnlyForDeploymentPostprocessing = 0;
		};
/* End PBXResourcesBuildPhase section */

/* Begin PBXSourcesBuildPhase section */
		BFD37E472357147B00D27A52 /* Sources */ = {
			isa = PBXSourcesBuildPhase;
			buildActionMask = 2147483647;
			files = (
				BFD37E4F2357147B00D27A52 /* AppDelegate.swift in Sources */,
				BFD37E512357147B00D27A52 /* SceneDelegate.swift in Sources */,
				BFE840EA235795D20072132E /* AppView.swift in Sources */,
				BFA1E7BC235A34BE00FF957E /* CharacterList.swift in Sources */,
				BFB57D762359B3D800D2613E /* Actor.swift in Sources */,
				BFB66C922359A2560036FE16 /* ActorDetail.swift in Sources */,
				BFD37E6823571FF000D27A52 /* MovieDetail.swift in Sources */,
				BFD37E6A2357218A00D27A52 /* MovieRow.swift in Sources */,
				BFD37E64235714FE00D27A52 /* Data.swift in Sources */,
				BFB66C90235855F60036FE16 /* Character.swift in Sources */,
				BFA1E7BE235A3BB900FF957E /* ContentView.swift in Sources */,
				BFE840E2235789700072132E /* MovieList.swift in Sources */,
				BFD37E662357154500D27A52 /* Movie.swift in Sources */,
			);
			runOnlyForDeploymentPostprocessing = 0;
		};
/* End PBXSourcesBuildPhase section */

/* Begin PBXVariantGroup section */
		BFD37E592357147C00D27A52 /* LaunchScreen.storyboard */ = {
			isa = PBXVariantGroup;
			children = (
				BFD37E5A2357147C00D27A52 /* Base */,
			);
			name = LaunchScreen.storyboard;
			sourceTree = "<group>";
		};
/* End PBXVariantGroup section */

/* Begin XCBuildConfiguration section */
		BFD37E5D2357147C00D27A52 /* Debug */ = {
			isa = XCBuildConfiguration;
			buildSettings = {
				ALWAYS_SEARCH_USER_PATHS = NO;
				CLANG_ANALYZER_NONNULL = YES;
				CLANG_ANALYZER_NUMBER_OBJECT_CONVERSION = YES_AGGRESSIVE;
				CLANG_CXX_LANGUAGE_STANDARD = "gnu++14";
				CLANG_CXX_LIBRARY = "libc++";
				CLANG_ENABLE_MODULES = YES;
				CLANG_ENABLE_OBJC_ARC = YES;
				CLANG_ENABLE_OBJC_WEAK = YES;
				CLANG_WARN_BLOCK_CAPTURE_AUTORELEASING = YES;
				CLANG_WARN_BOOL_CONVERSION = YES;
				CLANG_WARN_COMMA = YES;
				CLANG_WARN_CONSTANT_CONVERSION = YES;
				CLANG_WARN_DEPRECATED_OBJC_IMPLEMENTATIONS = YES;
				CLANG_WARN_DIRECT_OBJC_ISA_USAGE = YES_ERROR;
				CLANG_WARN_DOCUMENTATION_COMMENTS = YES;
				CLANG_WARN_EMPTY_BODY = YES;
				CLANG_WARN_ENUM_CONVERSION = YES;
				CLANG_WARN_INFINITE_RECURSION = YES;
				CLANG_WARN_INT_CONVERSION = YES;
				CLANG_WARN_NON_LITERAL_NULL_CONVERSION = YES;
				CLANG_WARN_OBJC_IMPLICIT_RETAIN_SELF = YES;
				CLANG_WARN_OBJC_LITERAL_CONVERSION = YES;
				CLANG_WARN_OBJC_ROOT_CLASS = YES_ERROR;
				CLANG_WARN_RANGE_LOOP_ANALYSIS = YES;
				CLANG_WARN_STRICT_PROTOTYPES = YES;
				CLANG_WARN_SUSPICIOUS_MOVE = YES;
				CLANG_WARN_UNGUARDED_AVAILABILITY = YES_AGGRESSIVE;
				CLANG_WARN_UNREACHABLE_CODE = YES;
				CLANG_WARN__DUPLICATE_METHOD_MATCH = YES;
				COPY_PHASE_STRIP = NO;
				DEBUG_INFORMATION_FORMAT = dwarf;
				ENABLE_STRICT_OBJC_MSGSEND = YES;
				ENABLE_TESTABILITY = YES;
				GCC_C_LANGUAGE_STANDARD = gnu11;
				GCC_DYNAMIC_NO_PIC = NO;
				GCC_NO_COMMON_BLOCKS = YES;
				GCC_OPTIMIZATION_LEVEL = 0;
				GCC_PREPROCESSOR_DEFINITIONS = (
					"DEBUG=1",
					"$(inherited)",
				);
				GCC_WARN_64_TO_32_BIT_CONVERSION = YES;
				GCC_WARN_ABOUT_RETURN_TYPE = YES_ERROR;
				GCC_WARN_UNDECLARED_SELECTOR = YES;
				GCC_WARN_UNINITIALIZED_AUTOS = YES_AGGRESSIVE;
				GCC_WARN_UNUSED_FUNCTION = YES;
				GCC_WARN_UNUSED_VARIABLE = YES;
				IPHONEOS_DEPLOYMENT_TARGET = 13.1;
				MTL_ENABLE_DEBUG_INFO = INCLUDE_SOURCE;
				MTL_FAST_MATH = YES;
				ONLY_ACTIVE_ARCH = YES;
				SDKROOT = iphoneos;
				SWIFT_ACTIVE_COMPILATION_CONDITIONS = DEBUG;
				SWIFT_OPTIMIZATION_LEVEL = "-Onone";
			};
			name = Debug;
		};
		BFD37E5E2357147C00D27A52 /* Release */ = {
			isa = XCBuildConfiguration;
			buildSettings = {
				ALWAYS_SEARCH_USER_PATHS = NO;
				CLANG_ANALYZER_NONNULL = YES;
				CLANG_ANALYZER_NUMBER_OBJECT_CONVERSION = YES_AGGRESSIVE;
				CLANG_CXX_LANGUAGE_STANDARD = "gnu++14";
				CLANG_CXX_LIBRARY = "libc++";
				CLANG_ENABLE_MODULES = YES;
				CLANG_ENABLE_OBJC_ARC = YES;
				CLANG_ENABLE_OBJC_WEAK = YES;
				CLANG_WARN_BLOCK_CAPTURE_AUTORELEASING = YES;
				CLANG_WARN_BOOL_CONVERSION = YES;
				CLANG_WARN_COMMA = YES;
				CLANG_WARN_CONSTANT_CONVERSION = YES;
				CLANG_WARN_DEPRECATED_OBJC_IMPLEMENTATIONS = YES;
				CLANG_WARN_DIRECT_OBJC_ISA_USAGE = YES_ERROR;
				CLANG_WARN_DOCUMENTATION_COMMENTS = YES;
				CLANG_WARN_EMPTY_BODY = YES;
				CLANG_WARN_ENUM_CONVERSION = YES;
				CLANG_WARN_INFINITE_RECURSION = YES;
				CLANG_WARN_INT_CONVERSION = YES;
				CLANG_WARN_NON_LITERAL_NULL_CONVERSION = YES;
				CLANG_WARN_OBJC_IMPLICIT_RETAIN_SELF = YES;
				CLANG_WARN_OBJC_LITERAL_CONVERSION = YES;
				CLANG_WARN_OBJC_ROOT_CLASS = YES_ERROR;
				CLANG_WARN_RANGE_LOOP_ANALYSIS = YES;
				CLANG_WARN_STRICT_PROTOTYPES = YES;
				CLANG_WARN_SUSPICIOUS_MOVE = YES;
				CLANG_WARN_UNGUARDED_AVAILABILITY = YES_AGGRESSIVE;
				CLANG_WARN_UNREACHABLE_CODE = YES;
				CLANG_WARN__DUPLICATE_METHOD_MATCH = YES;
				COPY_PHASE_STRIP = NO;
				DEBUG_INFORMATION_FORMAT = "dwarf-with-dsym";
				ENABLE_NS_ASSERTIONS = NO;
				ENABLE_STRICT_OBJC_MSGSEND = YES;
				GCC_C_LANGUAGE_STANDARD = gnu11;
				GCC_NO_COMMON_BLOCKS = YES;
				GCC_WARN_64_TO_32_BIT_CONVERSION = YES;
				GCC_WARN_ABOUT_RETURN_TYPE = YES_ERROR;
				GCC_WARN_UNDECLARED_SELECTOR = YES;
				GCC_WARN_UNINITIALIZED_AUTOS = YES_AGGRESSIVE;
				GCC_WARN_UNUSED_FUNCTION = YES;
				GCC_WARN_UNUSED_VARIABLE = YES;
				IPHONEOS_DEPLOYMENT_TARGET = 13.1;
				MTL_ENABLE_DEBUG_INFO = NO;
				MTL_FAST_MATH = YES;
				SDKROOT = iphoneos;
				SWIFT_COMPILATION_MODE = wholemodule;
				SWIFT_OPTIMIZATION_LEVEL = "-O";
				VALIDATE_PRODUCT = YES;
			};
			name = Release;
		};
		BFD37E602357147C00D27A52 /* Debug */ = {
			isa = XCBuildConfiguration;
			buildSettings = {
				ASSETCATALOG_COMPILER_APPICON_NAME = AppIcon;
				CODE_SIGN_ENTITLEMENTS = Ebook/Ebook.entitlements;
				"CODE_SIGN_IDENTITY[sdk=macosx*]" = "Apple Development";
				CODE_SIGN_STYLE = Automatic;
				DERIVE_MACCATALYST_PRODUCT_BUNDLE_IDENTIFIER = YES;
				DEVELOPMENT_ASSET_PATHS = "\"Ebook/Preview Content\"";
				DEVELOPMENT_TEAM = 77J47Z8X2R;
				ENABLE_PREVIEWS = YES;
				INFOPLIST_FILE = Ebook/Info.plist;
				IPHONEOS_DEPLOYMENT_TARGET = 13.1;
				LD_RUNPATH_SEARCH_PATHS = (
					"$(inherited)",
					"@executable_path/Frameworks",
				);
				PRODUCT_BUNDLE_IDENTIFIER = com.yahi61006.Ebook;
				PRODUCT_NAME = "Marvel & Dc";
				SUPPORTS_MACCATALYST = YES;
				SWIFT_VERSION = 5.0;
				TARGETED_DEVICE_FAMILY = "1,2";
			};
			name = Debug;
		};
		BFD37E612357147C00D27A52 /* Release */ = {
			isa = XCBuildConfiguration;
			buildSettings = {
				ASSETCATALOG_COMPILER_APPICON_NAME = AppIcon;
				CODE_SIGN_ENTITLEMENTS = Ebook/Ebook.entitlements;
				"CODE_SIGN_IDENTITY[sdk=macosx*]" = "Apple Development";
				CODE_SIGN_STYLE = Automatic;
				DERIVE_MACCATALYST_PRODUCT_BUNDLE_IDENTIFIER = YES;
				DEVELOPMENT_ASSET_PATHS = "\"Ebook/Preview Content\"";
				DEVELOPMENT_TEAM = 77J47Z8X2R;
				ENABLE_PREVIEWS = YES;
				INFOPLIST_FILE = Ebook/Info.plist;
				IPHONEOS_DEPLOYMENT_TARGET = 13.1;
				LD_RUNPATH_SEARCH_PATHS = (
					"$(inherited)",
					"@executable_path/Frameworks",
				);
				PRODUCT_BUNDLE_IDENTIFIER = com.yahi61006.Ebook;
				PRODUCT_NAME = "Marvel & Dc";
				SUPPORTS_MACCATALYST = YES;
				SWIFT_VERSION = 5.0;
				TARGETED_DEVICE_FAMILY = "1,2";
			};
			name = Release;
		};
/* End XCBuildConfiguration section */

/* Begin XCConfigurationList section */
		BFD37E462357147B00D27A52 /* Build configuration list for PBXProject "Ebook" */ = {
			isa = XCConfigurationList;
			buildConfigurations = (
				BFD37E5D2357147C00D27A52 /* Debug */,
				BFD37E5E2357147C00D27A52 /* Release */,
			);
			defaultConfigurationIsVisible = 0;
			defaultConfigurationName = Release;
		};
		BFD37E5F2357147C00D27A52 /* Build configuration list for PBXNativeTarget "Ebook" */ = {
			isa = XCConfigurationList;
			buildConfigurations = (
				BFD37E602357147C00D27A52 /* Debug */,
				BFD37E612357147C00D27A52 /* Release */,
			);
			defaultConfigurationIsVisible = 0;
			defaultConfigurationName = Release;
		};
/* End XCConfigurationList section */
	};
	rootObject = BFD37E432357147B00D27A52 /* Project object */;
}
